
Microsoft Visual Studio Solution File, Format Version 12.00
# Visual Studio 15
VisualStudioVersion = 15.0.28307.1062
MinimumVisualStudioVersion = 10.0.40219.1
Project("{FAE04EC0-301F-11D3-BF4B-00C04F79EFBC}") = "FootballDataDemo", "FootballDataDemo\FootballDataDemo.csproj", "{DD7DA420-1911-4204-9F82-FC43FC88BBC4}"
EndProject
Global
	GlobalSection(SolutionConfigurationPlatforms) = preSolution
		Debug|Any CPU = Debug|Any CPU
		Release|Any CPU = Release|Any CPU
	EndGlobalSection
	GlobalSection(ProjectConfigurationPlatforms) = postSolution
		{DD7DA420-1911-4204-9F82-FC43FC88BBC4}.Debug|Any CPU.ActiveCfg = Debug|Any CPU
		{DD7DA420-1911-4204-9F82-FC43FC88BBC4}.Debug|Any CPU.Build.0 = Debug|Any CPU
		{DD7DA420-1911-4204-9F82-FC43FC88BBC4}.Release|Any CPU.ActiveCfg = Release|Any CPU
		{DD7DA420-1911-4204-9F82-FC43FC88BBC4}.Release|Any CPU.Build.0 = Release|Any CPU
	EndGlobalSection
	GlobalSection(SolutionProperties) = preSolution
		HideSolutionNode = FALSE
	EndGlobalSection
	GlobalSection(ExtensibilityGlobals) = postSolution
		SolutionGuid = {221F1194-FA90-4C32-860B-5911CA7DE1E6}
	EndGlobalSection
EndGlobal
